{
  "lockfile_version": "1",
  "packages": {
    "cmake@latest": {
      "last_modified": "2024-10-13T23:44:06Z",
      "resolved": "github:NixOS/nixpkgs/d4f247e89f6e10120f911e2e2d2254a050d0f732#cmake",
      "source": "devbox-search",
      "version": "3.29.6",
      "systems": {
        "aarch64-darwin": {
          "outputs": [
            {
              "name": "out",
              "path": "/nix/store/a7v65i1rs0jbdjq578pk9h689fif32sd-cmake-3.29.6",
              "default": true
            }
          ],
          "store_path": "/nix/store/a7v65i1rs0jbdjq578pk9h689fif32sd-cmake-3.29.6"
        },
        "aarch64-linux": {
          "outputs": [
            {
              "name": "out",
              "path": "/nix/store/kap109b20fvapdkpk0djrqy5chqc8rgh-cmake-3.29.6",
              "default": true
            },
            {
              "name": "debug",
              "path": "/nix/store/k6dxnvzrpjng7f1vv3likb8p8x3a2gwf-cmake-3.29.6-debug"
            }
          ],
          "store_path": "/nix/store/kap109b20fvapdkpk0djrqy5chqc8rgh-cmake-3.29.6"
        },
        "x86_64-darwin": {
          "outputs": [
            {
              "name": "out",
              "path": "/nix/store/s1b6hfmgbib22r5xyrw86v9x6mljxhal-cmake-3.29.6",
              "default": true
            }
          ],
          "store_path": "/nix/store/s1b6hfmgbib22r5xyrw86v9x6mljxhal-cmake-3.29.6"
        },
        "x86_64-linux": {
          "outputs": [
            {
              "name": "out",
              "path": "/nix/store/24gbi6mcw4c6jgzai9aaxx9qi2rxdb09-cmake-3.29.6",
              "default": true
            },
            {
              "name": "debug",
              "path": "/nix/store/6jgji8dva0n4d9l3yplabfa29j6hsjwf-cmake-3.29.6-debug"
            }
          ],
          "store_path": "/nix/store/24gbi6mcw4c6jgzai9aaxx9qi2rxdb09-cmake-3.29.6"
        }
      }
    },
    "darwin.CF": {
      "resolved": "github:NixOS/nixpkgs/75a52265bda7fd25e06e3a67dee3f0354e73243c#darwin.CF",
      "source": "nixpkg"
    },
    "darwin.apple_sdk.frameworks.AppKit": {
      "resolved": "github:NixOS/nixpkgs/75a52265bda7fd25e06e3a67dee3f0354e73243c#darwin.apple_sdk.frameworks.AppKit",
      "source": "nixpkg"
    },
    "darwin.apple_sdk.frameworks.ApplicationServices": {
      "resolved": "github:NixOS/nixpkgs/75a52265bda7fd25e06e3a67dee3f0354e73243c#darwin.apple_sdk.frameworks.ApplicationServices",
      "source": "nixpkg"
    },
    "darwin.apple_sdk.frameworks.AudioToolbox": {
      "resolved": "github:NixOS/nixpkgs/75a52265bda7fd25e06e3a67dee3f0354e73243c#darwin.apple_sdk.frameworks.AudioToolbox",
      "source": "nixpkg"
    },
    "darwin.apple_sdk.frameworks.CoreAudio": {
      "resolved": "github:NixOS/nixpkgs/75a52265bda7fd25e06e3a67dee3f0354e73243c#darwin.apple_sdk.frameworks.CoreAudio",
      "source": "nixpkg"
    },
    "darwin.apple_sdk.frameworks.CoreFoundation": {
      "resolved": "github:NixOS/nixpkgs/75a52265bda7fd25e06e3a67dee3f0354e73243c#darwin.apple_sdk.frameworks.CoreFoundation",
      "source": "nixpkg"
    },
    "git@latest": {
      "last_modified": "2024-10-13T23:44:06Z",
      "resolved": "github:NixOS/nixpkgs/d4f247e89f6e10120f911e2e2d2254a050d0f732#git",
      "source": "devbox-search",
      "version": "2.46.1",
      "systems": {
        "aarch64-darwin": {
          "outputs": [
            {
              "name": "out",
              "path": "/nix/store/fzsjyd9wxiymv5j38f1igk99660hi4vl-git-2.46.1",
              "default": true
            },
            {
              "name": "doc",
              "path": "/nix/store/9i3j85b675c29xwmyg7bvaxs2jbqn4gx-git-2.46.1-doc"
            }
          ],
          "store_path": "/nix/store/fzsjyd9wxiymv5j38f1igk99660hi4vl-git-2.46.1"
        },
        "aarch64-linux": {
          "outputs": [
            {
              "name": "out",
              "path": "/nix/store/qmdn10127g14bb1v5h5qpckcm6n9m8ms-git-2.46.1",
              "default": true
            },
            {
              "name": "debug",
              "path": "/nix/store/qgm6gdx0ic216alm4kl7lyyd5k74gn1p-git-2.46.1-debug"
            },
            {
              "name": "doc",
              "path": "/nix/store/ngyj5imnlagsj5avqgc3f65iz9pffqjm-git-2.46.1-doc"
            }
          ],
          "store_path": "/nix/store/qmdn10127g14bb1v5h5qpckcm6n9m8ms-git-2.46.1"
        },
        "x86_64-darwin": {
          "outputs": [
            {
              "name": "out",
              "path": "/nix/store/n4s67bnpyvxqj51fhj57gxn7f8n1v6wk-git-2.46.1",
              "default": true
            },
            {
              "name": "doc",
              "path": "/nix/store/vhiqrx6ka20krpi255vk99iac98zr3sb-git-2.46.1-doc"
            }
          ],
          "store_path": "/nix/store/n4s67bnpyvxqj51fhj57gxn7f8n1v6wk-git-2.46.1"
        },
        "x86_64-linux": {
          "outputs": [
            {
              "name": "out",
              "path": "/nix/store/zmmhkn7ndfskwk2mfqn9nzmv9y699lms-git-2.46.1",
              "default": true
            },
            {
              "name": "doc",
              "path": "/nix/store/9xdnzfl42isjgsn1mnxyjdmspakf8ayi-git-2.46.1-doc"
            },
            {
              "name": "debug",
              "path": "/nix/store/n5i11ch2x778v95wnbg56mlc9rc8xsjn-git-2.46.1-debug"
            }
          ],
          "store_path": "/nix/store/zmmhkn7ndfskwk2mfqn9nzmv9y699lms-git-2.46.1"
        }
      }
    },
    "libGL@latest": {
      "last_modified": "2024-10-13T23:44:06Z",
      "resolved": "github:NixOS/nixpkgs/d4f247e89f6e10120f911e2e2d2254a050d0f732#libGL",
      "source": "devbox-search",
      "version": "11.0.0",
      "systems": {
        "aarch64-darwin": {
          "outputs": [
            {
              "name": "out",
              "path": "/nix/store/w1l55fkqvv6bm8rrbz5fxkj6fa87jywi-apple-framework-OpenGL-11.0.0",
              "default": true
            }
          ],
          "store_path": "/nix/store/w1l55fkqvv6bm8rrbz5fxkj6fa87jywi-apple-framework-OpenGL-11.0.0"
        }
      }
    },
    "nodejs@latest": {
      "last_modified": "2024-10-13T23:44:06Z",
      "plugin_version": "0.0.2",
      "resolved": "github:NixOS/nixpkgs/d4f247e89f6e10120f911e2e2d2254a050d0f732#nodejs_22",
      "source": "devbox-search",
      "version": "22.9.0",
      "systems": {
        "aarch64-darwin": {
          "outputs": [
            {
              "name": "out",
              "path": "/nix/store/fhzxbp4pn1qzl18cq08jq4dj152bmmyx-nodejs-22.9.0",
              "default": true
            },
            {
              "name": "libv8",
              "path": "/nix/store/cn8nmzxfis2bg8h2lqjb6s53xn7j8yyi-nodejs-22.9.0-libv8"
            }
          ],
          "store_path": "/nix/store/fhzxbp4pn1qzl18cq08jq4dj152bmmyx-nodejs-22.9.0"
        },
        "aarch64-linux": {
          "outputs": [
            {
              "name": "out",
              "path": "/nix/store/i1siigi0ykw94jzhkl064qqzd1ph6mnj-nodejs-22.9.0",
              "default": true
            },
            {
              "name": "libv8",
              "path": "/nix/store/1wrwby0q6i8v3igmgr99g64x02jyzgh5-nodejs-22.9.0-libv8"
            }
          ],
          "store_path": "/nix/store/i1siigi0ykw94jzhkl064qqzd1ph6mnj-nodejs-22.9.0"
        },
        "x86_64-darwin": {
          "outputs": [
            {
              "name": "out",
              "path": "/nix/store/nazlzhy6vmjrczc3hxp38zsmxjrbqna8-nodejs-22.9.0",
              "default": true
            },
            {
              "name": "libv8",
              "path": "/nix/store/bxq12ya55i06rv44q9vfqaxyh5wv0xas-nodejs-22.9.0-libv8"
            }
          ],
          "store_path": "/nix/store/nazlzhy6vmjrczc3hxp38zsmxjrbqna8-nodejs-22.9.0"
        },
        "x86_64-linux": {
          "outputs": [
            {
              "name": "out",
              "path": "/nix/store/f9yl8nlgcyazflxc2nj1cr9k9ika7v7z-nodejs-22.9.0",
              "default": true
            },
            {
              "name": "libv8",
              "path": "/nix/store/fzvjvz5977xms8x6r7yhx3bylaygvr6i-nodejs-22.9.0-libv8"
            }
          ],
          "store_path": "/nix/store/f9yl8nlgcyazflxc2nj1cr9k9ika7v7z-nodejs-22.9.0"
        }
      }
    },
    "python3@latest": {
      "last_modified": "2024-10-13T23:44:06Z",
      "plugin_version": "0.0.3",
      "resolved": "github:NixOS/nixpkgs/d4f247e89f6e10120f911e2e2d2254a050d0f732#python3",
      "source": "devbox-search",
      "version": "3.12.6",
      "systems": {
        "aarch64-darwin": {
          "outputs": [
            {
              "name": "out",
              "path": "/nix/store/ybnf7k6i9p244bbhsbxizqk65z58cwyr-python3-3.12.6",
              "default": true
            }
          ],
          "store_path": "/nix/store/ybnf7k6i9p244bbhsbxizqk65z58cwyr-python3-3.12.6"
        },
        "aarch64-linux": {
          "outputs": [
            {
              "name": "out",
              "path": "/nix/store/pv8p76ihrnqf81xan9qnv53ks84wmp07-python3-3.12.6",
              "default": true
            },
            {
              "name": "debug",
              "path": "/nix/store/qk5wzj1q68jdvnzph5ckiir2wj87qygq-python3-3.12.6-debug"
            }
          ],
          "store_path": "/nix/store/pv8p76ihrnqf81xan9qnv53ks84wmp07-python3-3.12.6"
        },
        "x86_64-darwin": {
          "outputs": [
            {
              "name": "out",
              "path": "/nix/store/d30gb7nm3bnd58a5c3gwnmxywzbls69v-python3-3.12.6",
              "default": true
            }
          ],
          "store_path": "/nix/store/d30gb7nm3bnd58a5c3gwnmxywzbls69v-python3-3.12.6"
        },
        "x86_64-linux": {
          "outputs": [
            {
              "name": "out",
              "path": "/nix/store/wfbjq35kxs6x83c3ncpfxdyl5gbhdx4h-python3-3.12.6",
              "default": true
            },
            {
              "name": "debug",
              "path": "/nix/store/wmg3whp163d4y3www9kfziwks1yn6k9i-python3-3.12.6-debug"
            }
          ],
          "store_path": "/nix/store/wfbjq35kxs6x83c3ncpfxdyl5gbhdx4h-python3-3.12.6"
        }
      }
    },
    "xorg.libX11@latest": {
      "last_modified": "2024-10-13T23:44:06Z",
      "resolved": "github:NixOS/nixpkgs/d4f247e89f6e10120f911e2e2d2254a050d0f732#xorg.libX11",
      "source": "devbox-search",
      "version": "1.8.10",
      "systems": {
        "aarch64-darwin": {
          "outputs": [
            {
              "name": "out",
              "path": "/nix/store/ybsn0iia4sjshwl9r4d9rrk7fhcjfvw5-libX11-1.8.10",
              "default": true
            },
            {
              "name": "man",
              "path": "/nix/store/563rvzmjfc41gdxb57bcla76xsbp7j2b-libX11-1.8.10-man",
              "default": true
            },
            {
              "name": "dev",
              "path": "/nix/store/g7hc0gavprc7ngasilkynjijbknzaa46-libX11-1.8.10-dev"
            }
          ],
          "store_path": "/nix/store/ybsn0iia4sjshwl9r4d9rrk7fhcjfvw5-libX11-1.8.10"
        },
        "aarch64-linux": {
          "outputs": [
            {
              "name": "out",
              "path": "/nix/store/zz4m6n8pa8y21yzymqijmqyw6adf38q3-libX11-1.8.10",
              "default": true
            },
            {
              "name": "man",
              "path": "/nix/store/5wzm6y1s6vq4wbzhy186rp57faw65vcj-libX11-1.8.10-man",
              "default": true
            },
            {
              "name": "dev",
              "path": "/nix/store/mb0sn8i6853xgx29vxafhrdgq987cadw-libX11-1.8.10-dev"
            }
          ],
          "store_path": "/nix/store/zz4m6n8pa8y21yzymqijmqyw6adf38q3-libX11-1.8.10"
        },
        "x86_64-darwin": {
          "outputs": [
            {
              "name": "out",
              "path": "/nix/store/h47g98g57d3glsc1djn8h75ij0rvz31k-libX11-1.8.10",
              "default": true
            },
            {
              "name": "man",
              "path": "/nix/store/f1461pmbz8hxalxmb5zrkgakf07vz1bl-libX11-1.8.10-man",
              "default": true
            },
            {
              "name": "dev",
              "path": "/nix/store/088xihifhbhbdmiihs8rnd86brc1rklz-libX11-1.8.10-dev"
            }
          ],
          "store_path": "/nix/store/h47g98g57d3glsc1djn8h75ij0rvz31k-libX11-1.8.10"
        },
        "x86_64-linux": {
          "outputs": [
            {
              "name": "out",
              "path": "/nix/store/nicg80r560lxr1vzlrjcj401v98fwb7y-libX11-1.8.10",
              "default": true
            },
            {
              "name": "man",
              "path": "/nix/store/dspganpvy9fjqc8q6smhrya8qrvvhz5n-libX11-1.8.10-man",
              "default": true
            },
            {
              "name": "dev",
              "path": "/nix/store/hhg06qy834div9x1za8cd8giwkisqs7d-libX11-1.8.10-dev"
            }
          ],
          "store_path": "/nix/store/nicg80r560lxr1vzlrjcj401v98fwb7y-libX11-1.8.10"
        }
      }
    },
    "xorg.libXCursor@latest": {
      "last_modified": "2024-10-13T23:44:06Z",
      "resolved": "github:NixOS/nixpkgs/d4f247e89f6e10120f911e2e2d2254a050d0f732#xorg.libXcursor",
      "source": "devbox-search",
      "version": "1.2.2",
      "systems": {
        "aarch64-darwin": {
          "outputs": [
            {
              "name": "out",
              "path": "/nix/store/0yx5pb7rsr82rynr3hi06wr1wbjy0sbm-libXcursor-1.2.2",
              "default": true
            },
            {
              "name": "dev",
              "path": "/nix/store/k24p7yba59g947fr685nwx0jypn2564y-libXcursor-1.2.2-dev"
            }
          ],
          "store_path": "/nix/store/0yx5pb7rsr82rynr3hi06wr1wbjy0sbm-libXcursor-1.2.2"
        },
        "aarch64-linux": {
          "outputs": [
            {
              "name": "out",
              "path": "/nix/store/yppn9xysxm78c7dbxx5bdrg8i7lwvq6q-libXcursor-1.2.2",
              "default": true
            },
            {
              "name": "dev",
              "path": "/nix/store/bqa09rbk9y9w47daaakdqn2c667cc05l-libXcursor-1.2.2-dev"
            }
          ],
          "store_path": "/nix/store/yppn9xysxm78c7dbxx5bdrg8i7lwvq6q-libXcursor-1.2.2"
        },
        "x86_64-darwin": {
          "outputs": [
            {
              "name": "out",
              "path": "/nix/store/yrigridkiqqc3dylscm5q33179jg0971-libXcursor-1.2.2",
              "default": true
            },
            {
              "name": "dev",
              "path": "/nix/store/i8nxd804jyi9wlpl93jv67qmavpkfb81-libXcursor-1.2.2-dev"
            }
          ],
          "store_path": "/nix/store/yrigridkiqqc3dylscm5q33179jg0971-libXcursor-1.2.2"
        },
        "x86_64-linux": {
          "outputs": [
            {
              "name": "out",
              "path": "/nix/store/qqxbdjmc9731s0nha0jp37za7hhgc7fc-libXcursor-1.2.2",
              "default": true
            },
            {
              "name": "dev",
              "path": "/nix/store/9k2pivgcgyg4lrca7x6gd4v7x6fga3d1-libXcursor-1.2.2-dev"
            }
          ],
          "store_path": "/nix/store/qqxbdjmc9731s0nha0jp37za7hhgc7fc-libXcursor-1.2.2"
        }
      }
    },
    "xorg.libXext@latest": {
      "last_modified": "2024-10-26T22:05:23Z",
      "resolved": "github:NixOS/nixpkgs/86e78d3d2084ff87688da662cf78c2af085d8e73#xorg.libXext",
      "source": "devbox-search",
      "version": "1.3.6",
      "systems": {
        "aarch64-darwin": {
          "outputs": [
            {
              "name": "out",
              "path": "/nix/store/ka37mqm9k7xrd45yhshxj61b9j85hf82-libXext-1.3.6",
              "default": true
            },
            {
              "name": "man",
              "path": "/nix/store/cc254m2i0cmyq1kg9maz6h3pwwlzfahv-libXext-1.3.6-man",
              "default": true
            },
            {
              "name": "doc",
              "path": "/nix/store/szxi209dzny6fynxcb5rasbz8kba6kgp-libXext-1.3.6-doc"
            },
            {
              "name": "dev",
              "path": "/nix/store/8n9j2f20z6jn92wpvrmk67y7zmcj6gpi-libXext-1.3.6-dev"
            }
          ],
          "store_path": "/nix/store/ka37mqm9k7xrd45yhshxj61b9j85hf82-libXext-1.3.6"
        },
        "aarch64-linux": {
          "outputs": [
            {
              "name": "out",
              "path": "/nix/store/0g6qwns7sim85hp3mja6538gch3g65zn-libXext-1.3.6",
              "default": true
            },
            {
              "name": "man",
              "path": "/nix/store/9lg9qiry1lyhcaxbxngw9j3jv2sxzl8b-libXext-1.3.6-man",
              "default": true
            },
            {
              "name": "doc",
              "path": "/nix/store/hadz8i203w2ygjdgdpv5l5xbh3ibyi76-libXext-1.3.6-doc"
            },
            {
              "name": "dev",
              "path": "/nix/store/isl9bkh8ldww93xsqjcyrd93xwphxqsv-libXext-1.3.6-dev"
            }
          ],
          "store_path": "/nix/store/0g6qwns7sim85hp3mja6538gch3g65zn-libXext-1.3.6"
        },
        "x86_64-darwin": {
          "outputs": [
            {
              "name": "out",
              "path": "/nix/store/jjaqjngblf535dblj6qpv2dy9yqvsvna-libXext-1.3.6",
              "default": true
            },
            {
              "name": "man",
              "path": "/nix/store/7cbh0zbqcqfxpjcaxkgwlmmlraky1v2y-libXext-1.3.6-man",
              "default": true
            },
            {
              "name": "dev",
              "path": "/nix/store/vhpdafi5i9p0lpill00rbyav6c4cb14s-libXext-1.3.6-dev"
            },
            {
              "name": "doc",
              "path": "/nix/store/w7j7zjygw66ijms65vjmvghd91q6i23w-libXext-1.3.6-doc"
            }
          ],
          "store_path": "/nix/store/jjaqjngblf535dblj6qpv2dy9yqvsvna-libXext-1.3.6"
        },
        "x86_64-linux": {
          "outputs": [
            {
              "name": "out",
              "path": "/nix/store/9sixykfzghlh1apfc9iwmdmmdk6z92xd-libXext-1.3.6",
              "default": true
            },
            {
              "name": "man",
              "path": "/nix/store/16rppxsahzkp3xzk9qm3wwn8vhqbghsi-libXext-1.3.6-man",
              "default": true
            },
            {
              "name": "dev",
              "path": "/nix/store/y3awj1wgwszpnhndy8nfyq509hlv0jjy-libXext-1.3.6-dev"
            },
            {
              "name": "doc",
              "path": "/nix/store/wrvg1yh7qy84p9qw6kqancdr5y2brvj9-libXext-1.3.6-doc"
            }
          ],
          "store_path": "/nix/store/9sixykfzghlh1apfc9iwmdmmdk6z92xd-libXext-1.3.6"
        }
      }
    },
    "xorg.libXi@latest": {
      "last_modified": "2024-10-17T04:50:07Z",
      "resolved": "github:NixOS/nixpkgs/1bde3e8e37a72989d4d455adde764d45f45dc11c#xorg.libXi",
      "source": "devbox-search",
      "version": "1.8.1",
      "systems": {
        "aarch64-darwin": {
          "outputs": [
            {
              "name": "out",
              "path": "/nix/store/0l8dxs92fdm604pna1g5xnm3rq3k8w7z-libXi-1.8.1",
              "default": true
            },
            {
              "name": "man",
              "path": "/nix/store/bg0s0awmh39087pipzm71nyxj0nsca94-libXi-1.8.1-man",
              "default": true
            },
            {
              "name": "dev",
              "path": "/nix/store/v5b7xq3hngn7wjwn8h3yfhl0c14cq21j-libXi-1.8.1-dev"
            },
            {
              "name": "doc",
              "path": "/nix/store/8xjmap1r3y6i40h784239b45rpjbqphk-libXi-1.8.1-doc"
            }
          ],
          "store_path": "/nix/store/0l8dxs92fdm604pna1g5xnm3rq3k8w7z-libXi-1.8.1"
        },
        "aarch64-linux": {
          "outputs": [
            {
              "name": "out",
              "path": "/nix/store/3dk29jkap9q9rnn84ivxqm7kiqph8jcg-libXi-1.8.1",
              "default": true
            },
            {
              "name": "man",
              "path": "/nix/store/08hdjlsqzprg9f14yq3w86dlxv464i7v-libXi-1.8.1-man",
              "default": true
            },
            {
              "name": "dev",
              "path": "/nix/store/z71nx1psvrbpyprwml6bmg20dc2h6q47-libXi-1.8.1-dev"
            },
            {
              "name": "doc",
              "path": "/nix/store/4j2lls4k20ddrzzz9nkq2ip97nhhflsd-libXi-1.8.1-doc"
            }
          ],
          "store_path": "/nix/store/3dk29jkap9q9rnn84ivxqm7kiqph8jcg-libXi-1.8.1"
        },
        "x86_64-darwin": {
          "outputs": [
            {
              "name": "out",
              "path": "/nix/store/2l6gfql2n05mlkiz0pwbc7xnra2fjyj0-libXi-1.8.1",
              "default": true
            },
            {
              "name": "man",
              "path": "/nix/store/j7pqy15zn1ziidj941pls2h4zi6dacwr-libXi-1.8.1-man",
              "default": true
            },
            {
              "name": "dev",
              "path": "/nix/store/dyql2z6am2kbcby1xbblhd490fpnz3f4-libXi-1.8.1-dev"
            },
            {
              "name": "doc",
              "path": "/nix/store/vmpv0a0bsrgs0nyv4saaahbs444s8pjj-libXi-1.8.1-doc"
            }
          ],
          "store_path": "/nix/store/2l6gfql2n05mlkiz0pwbc7xnra2fjyj0-libXi-1.8.1"
        },
        "x86_64-linux": {
          "outputs": [
            {
              "name": "out",
              "path": "/nix/store/c5slbfgfn5xyfkf32dffr91bc88xw56v-libXi-1.8.1",
              "default": true
            },
            {
              "name": "man",
              "path": "/nix/store/vwsh9amz8rnra694iydaxwwjq21mnmv4-libXi-1.8.1-man",
              "default": true
            },
            {
              "name": "dev",
              "path": "/nix/store/sa8c1b37dj3403vli3fjzcgixrhfp5rf-libXi-1.8.1-dev"
            },
            {
              "name": "doc",
              "path": "/nix/store/x4v6h12mxpnrqr4gjry9zm8d2rkpwqg5-libXi-1.8.1-doc"
            }
          ],
          "store_path": "/nix/store/c5slbfgfn5xyfkf32dffr91bc88xw56v-libXi-1.8.1"
        }
      }
    },
    "xorg.libXinerama@latest": {
      "last_modified": "2024-10-13T23:44:06Z",
      "resolved": "github:NixOS/nixpkgs/d4f247e89f6e10120f911e2e2d2254a050d0f732#xorg.libXinerama",
      "source": "devbox-search",
      "version": "1.1.5",
      "systems": {
        "aarch64-darwin": {
          "outputs": [
            {
              "name": "out",
              "path": "/nix/store/wrm08za7vspmza6fpwgdih8ggd2lmc8l-libXinerama-1.1.5",
              "default": true
            },
            {
              "name": "dev",
              "path": "/nix/store/nsanxyk78cixm3mq4dgzxd387bsw1fil-libXinerama-1.1.5-dev"
            }
          ],
          "store_path": "/nix/store/wrm08za7vspmza6fpwgdih8ggd2lmc8l-libXinerama-1.1.5"
        },
        "aarch64-linux": {
          "outputs": [
            {
              "name": "out",
              "path": "/nix/store/4yq5q1bsf5sqkrkzpj442gqm3hgsirfr-libXinerama-1.1.5",
              "default": true
            },
            {
              "name": "dev",
              "path": "/nix/store/wsqwcg3z5miqm6ssd2z4jvw9w0r8s260-libXinerama-1.1.5-dev"
            }
          ],
          "store_path": "/nix/store/4yq5q1bsf5sqkrkzpj442gqm3hgsirfr-libXinerama-1.1.5"
        },
        "x86_64-darwin": {
          "outputs": [
            {
              "name": "out",
              "path": "/nix/store/p8kwnq97rpy15arw56ldgamwrmrz55ri-libXinerama-1.1.5",
              "default": true
            },
            {
              "name": "dev",
              "path": "/nix/store/2hbf3scxgajw0i98wa34ac3bdnvll3jf-libXinerama-1.1.5-dev"
            }
          ],
          "store_path": "/nix/store/p8kwnq97rpy15arw56ldgamwrmrz55ri-libXinerama-1.1.5"
        },
        "x86_64-linux": {
          "outputs": [
            {
              "name": "out",
              "path": "/nix/store/1glzbii9qvf133gvragllbqh6dzzcn4w-libXinerama-1.1.5",
              "default": true
            },
            {
              "name": "dev",
              "path": "/nix/store/x0ssfr0lx5p8aih0bclby15lclnxvy8c-libXinerama-1.1.5-dev"
            }
          ],
          "store_path": "/nix/store/1glzbii9qvf133gvragllbqh6dzzcn4w-libXinerama-1.1.5"
        }
      }
    },
    "xorg.libXrandr@latest": {
      "last_modified": "2024-10-13T23:44:06Z",
      "resolved": "github:NixOS/nixpkgs/d4f247e89f6e10120f911e2e2d2254a050d0f732#xorg.libXrandr",
      "source": "devbox-search",
      "version": "1.5.4",
      "systems": {
        "aarch64-darwin": {
          "outputs": [
            {
              "name": "out",
              "path": "/nix/store/0xrzxgkqjl1k84n0bdj53y1mrd2yzhk2-libXrandr-1.5.4",
              "default": true
            },
            {
              "name": "dev",
              "path": "/nix/store/z6qyhsjbviq0mnsi72km42cl6wpiylxw-libXrandr-1.5.4-dev"
            }
          ],
          "store_path": "/nix/store/0xrzxgkqjl1k84n0bdj53y1mrd2yzhk2-libXrandr-1.5.4"
        },
        "aarch64-linux": {
          "outputs": [
            {
              "name": "out",
              "path": "/nix/store/k22dd18987b4mm65lsy2c3qgcy19qx8r-libXrandr-1.5.4",
              "default": true
            },
            {
              "name": "dev",
              "path": "/nix/store/wklfxg2c338b7aksn7jvfx6k9x9j6zzp-libXrandr-1.5.4-dev"
            }
          ],
          "store_path": "/nix/store/k22dd18987b4mm65lsy2c3qgcy19qx8r-libXrandr-1.5.4"
        },
        "x86_64-darwin": {
          "outputs": [
            {
              "name": "out",
              "path": "/nix/store/z0a2z5fzby61qa69ac37wklpv2yyqqns-libXrandr-1.5.4",
              "default": true
            },
            {
              "name": "dev",
              "path": "/nix/store/qbh6kncv5px83hwgrb4bwwh6w95aiqy4-libXrandr-1.5.4-dev"
            }
          ],
          "store_path": "/nix/store/z0a2z5fzby61qa69ac37wklpv2yyqqns-libXrandr-1.5.4"
        },
        "x86_64-linux": {
          "outputs": [
            {
              "name": "out",
              "path": "/nix/store/ayl6v7yz6rjlvmb7zdp8hxfxxbrdn09h-libXrandr-1.5.4",
              "default": true
            },
            {
              "name": "dev",
              "path": "/nix/store/y7c23q70i62avzixgcd1vd85160mjn9s-libXrandr-1.5.4-dev"
            }
          ],
          "store_path": "/nix/store/ayl6v7yz6rjlvmb7zdp8hxfxxbrdn09h-libXrandr-1.5.4"
        }
      }
    },
    "zig@0.13.0": {
      "last_modified": "2024-10-13T23:44:06Z",
      "resolved": "github:NixOS/nixpkgs/d4f247e89f6e10120f911e2e2d2254a050d0f732#zig",
      "source": "devbox-search",
      "version": "0.13.0",
      "systems": {
        "aarch64-darwin": {
          "outputs": [
            {
              "name": "out",
              "path": "/nix/store/akji5m23xv1yaznj6snspvwladfdn1ha-zig-0.13.0",
              "default": true
            },
            {
              "name": "doc",
              "path": "/nix/store/fnxp0sxx19rgb4zkcr2nxr4f9x10xj4b-zig-0.13.0-doc"
            }
          ],
          "store_path": "/nix/store/akji5m23xv1yaznj6snspvwladfdn1ha-zig-0.13.0"
        },
        "aarch64-linux": {
          "outputs": [
            {
              "name": "out",
              "path": "/nix/store/x6pf1zxhgp0h8bj3j54qr89pz93xmawg-zig-0.13.0",
              "default": true
            },
            {
              "name": "doc",
              "path": "/nix/store/5dq8nhcd0gw0my1srzg9fxfkxh49sq8p-zig-0.13.0-doc"
            }
          ],
          "store_path": "/nix/store/x6pf1zxhgp0h8bj3j54qr89pz93xmawg-zig-0.13.0"
        },
        "x86_64-darwin": {
          "outputs": [
            {
              "name": "out",
              "path": "/nix/store/grqjn04zii2g9zvnx51mk2rj1qa52s77-zig-0.13.0",
              "default": true
            },
            {
              "name": "doc",
              "path": "/nix/store/jlbvp9gqwnvbzvglfpvfyvs0c3f4zsj2-zig-0.13.0-doc"
            }
          ],
          "store_path": "/nix/store/grqjn04zii2g9zvnx51mk2rj1qa52s77-zig-0.13.0"
        },
        "x86_64-linux": {
          "outputs": [
            {
              "name": "out",
              "path": "/nix/store/6q6srzrba184plhcd7vpv3k0b9qsx6vx-zig-0.13.0",
              "default": true
            },
            {
              "name": "doc",
              "path": "/nix/store/fy7qwrkr8xi6y4kp2a1lnbl592nzlyjz-zig-0.13.0-doc"
            }
          ],
          "store_path": "/nix/store/6q6srzrba184plhcd7vpv3k0b9qsx6vx-zig-0.13.0"
        }
      }
    },
    "zls@latest": {
      "last_modified": "2024-10-13T23:44:06Z",
      "resolved": "github:NixOS/nixpkgs/d4f247e89f6e10120f911e2e2d2254a050d0f732#zls",
      "source": "devbox-search",
      "version": "0.13.0",
      "systems": {
        "aarch64-darwin": {
          "outputs": [
            {
              "name": "out",
              "path": "/nix/store/gzqjdrlz2fc7sg88y1kdgs7sx94114cy-zls-0.13.0",
              "default": true
            }
          ],
          "store_path": "/nix/store/gzqjdrlz2fc7sg88y1kdgs7sx94114cy-zls-0.13.0"
        },
        "aarch64-linux": {
          "outputs": [
            {
              "name": "out",
              "path": "/nix/store/qld0qqan1idy77b7jf0n0s9mq74z845c-zls-0.13.0",
              "default": true
            }
          ],
          "store_path": "/nix/store/qld0qqan1idy77b7jf0n0s9mq74z845c-zls-0.13.0"
        },
        "x86_64-darwin": {
          "outputs": [
            {
              "name": "out",
              "path": "/nix/store/6k8grz97yisiw0h0f4ag05y0ibmiqlmw-zls-0.13.0",
              "default": true
            }
          ],
          "store_path": "/nix/store/6k8grz97yisiw0h0f4ag05y0ibmiqlmw-zls-0.13.0"
        },
        "x86_64-linux": {
          "outputs": [
            {
              "name": "out",
              "path": "/nix/store/4bl8mlc7cncwaj65lp3a4gn8ma9h1jyn-zls-0.13.0",
              "default": true
            }
          ],
          "store_path": "/nix/store/4bl8mlc7cncwaj65lp3a4gn8ma9h1jyn-zls-0.13.0"
        }
      }
    }
  }
}
